
Microsoft Visual Studio Solution File, Format Version 12.00
# Visual Studio Version 17
VisualStudioVersion = 17.10.35013.160
MinimumVisualStudioVersion = 10.0.40219.1
Project("{FAE04EC0-301F-11D3-BF4B-00C04F79EFBC}") = "ComponentsPractic", "ComponentsPractic\ComponentsPractic.csproj", "{6358E4D3-5A66-4BAB-883D-30DDF2576896}"
EndProject
Global
	GlobalSection(SolutionConfigurationPlatforms) = preSolution
		Debug|Any CPU = Debug|Any CPU
		Release|Any CPU = Release|Any CPU
	EndGlobalSection
	GlobalSection(ProjectConfigurationPlatforms) = postSolution
		{6358E4D3-5A66-4BAB-883D-30DDF2576896}.Debug|Any CPU.ActiveCfg = Debug|Any CPU
		{6358E4D3-5A66-4BAB-883D-30DDF2576896}.Debug|Any CPU.Build.0 = Debug|Any CPU
		{6358E4D3-5A66-4BAB-883D-30DDF2576896}.Release|Any CPU.ActiveCfg = Release|Any CPU
		{6358E4D3-5A66-4BAB-883D-30DDF2576896}.Release|Any CPU.Build.0 = Release|Any CPU
	EndGlobalSection
	GlobalSection(SolutionProperties) = preSolution
		HideSolutionNode = FALSE
	EndGlobalSection
	GlobalSection(ExtensibilityGlobals) = postSolution
		SolutionGuid = {3CEA61C3-2055-4779-A2D9-56AB92960A11}
	EndGlobalSection
EndGlobal
